
Microsoft Visual Studio Solution File, Format Version 12.00
# Visual Studio Version 17
VisualStudioVersion = 17.2.32630.192
MinimumVisualStudioVersion = 10.0.40219.1
Project("{9A19103F-16F7-4668-BE54-9A1E7A4F7556}") = "testovoe", "testovoe\testovoe.csproj", "{18AD9E04-8E86-475D-9425-D28C036F2154}"
EndProject
Global
	GlobalSection(SolutionConfigurationPlatforms) = preSolution
		Debug|Any CPU = Debug|Any CPU
		Release|Any CPU = Release|Any CPU
	EndGlobalSection
	GlobalSection(ProjectConfigurationPlatforms) = postSolution
		{18AD9E04-8E86-475D-9425-D28C036F2154}.Debug|Any CPU.ActiveCfg = Debug|Any CPU
		{18AD9E04-8E86-475D-9425-D28C036F2154}.Debug|Any CPU.Build.0 = Debug|Any CPU
		{18AD9E04-8E86-475D-9425-D28C036F2154}.Release|Any CPU.ActiveCfg = Release|Any CPU
		{18AD9E04-8E86-475D-9425-D28C036F2154}.Release|Any CPU.Build.0 = Release|Any CPU
	EndGlobalSection
	GlobalSection(SolutionProperties) = preSolution
		HideSolutionNode = FALSE
	EndGlobalSection
	GlobalSection(ExtensibilityGlobals) = postSolution
		SolutionGuid = {76A4B9F4-07CA-43EC-920E-3C2CDFE39C3F}
	EndGlobalSection
EndGlobal
